
Microsoft Visual Studio Solution File, Format Version 12.00
# Visual Studio 15
VisualStudioVersion = 15.0.27703.2047
MinimumVisualStudioVersion = 10.0.40219.1
Project("{9A19103F-16F7-4668-BE54-9A1E7A4F7556}") = "ConesOfAmazonshire", "ConesOfAmazonshire.csproj", "{BE803DC8-8767-413C-B6CB-DCBBA8B1FF5F}"
EndProject
Global
	GlobalSection(SolutionConfigurationPlatforms) = preSolution
		Debug|Any CPU = Debug|Any CPU
		Release|Any CPU = Release|Any CPU
	EndGlobalSection
	GlobalSection(ProjectConfigurationPlatforms) = postSolution
		{BE803DC8-8767-413C-B6CB-DCBBA8B1FF5F}.Debug|Any CPU.ActiveCfg = Debug|Any CPU
		{BE803DC8-8767-413C-B6CB-DCBBA8B1FF5F}.Debug|Any CPU.Build.0 = Debug|Any CPU
		{BE803DC8-8767-413C-B6CB-DCBBA8B1FF5F}.Release|Any CPU.ActiveCfg = Release|Any CPU
		{BE803DC8-8767-413C-B6CB-DCBBA8B1FF5F}.Release|Any CPU.Build.0 = Release|Any CPU
	EndGlobalSection
	GlobalSection(SolutionProperties) = preSolution
		HideSolutionNode = FALSE
	EndGlobalSection
	GlobalSection(ExtensibilityGlobals) = postSolution
		SolutionGuid = {5077F7F1-0A46-48FD-8688-A7DECE3DC3C6}
	EndGlobalSection
EndGlobal
